// !$*UTF8*$!
{
	archiveVersion = 1;
	classes = {
	};
	objectVersion = 56;
	objects = {

/* Begin PBXBuildFile section */
		671CEAF22A444EFE00FEF492 /* EditProfileView.swift in Sources */ = {isa = PBXBuildFile; fileRef = 671CEAF12A444EFE00FEF492 /* EditProfileView.swift */; };
		671CEAF62A44845F00FEF492 /* TestEditProfile.swift in Sources */ = {isa = PBXBuildFile; fileRef = 671CEAF52A44845F00FEF492 /* TestEditProfile.swift */; };
		671CEB142A45DFA300FEF492 /* PhotoPicker.swift in Sources */ = {isa = PBXBuildFile; fileRef = 671CEB132A45DFA300FEF492 /* PhotoPicker.swift */; };
		671CEB9E2A4C13E800FEF492 /* ButtonTrailerView.swift in Sources */ = {isa = PBXBuildFile; fileRef = 671CEB9D2A4C13E800FEF492 /* ButtonTrailerView.swift */; };
		671CEBA02A4C141000FEF492 /* TabBarView.swift in Sources */ = {isa = PBXBuildFile; fileRef = 671CEB9F2A4C141000FEF492 /* TabBarView.swift */; };
		671CEBA22A4C145600FEF492 /* MovieDetailsView.swift in Sources */ = {isa = PBXBuildFile; fileRef = 671CEBA12A4C145600FEF492 /* MovieDetailsView.swift */; };
		671CEBA42A4C14CF00FEF492 /* TrailerView.swift in Sources */ = {isa = PBXBuildFile; fileRef = 671CEBA32A4C14CF00FEF492 /* TrailerView.swift */; };
		671CEBA62A4C156900FEF492 /* MoviesView.swift in Sources */ = {isa = PBXBuildFile; fileRef = 671CEBA52A4C156900FEF492 /* MoviesView.swift */; };
		671CEBA82A4C15AA00FEF492 /* MovieDetailsViewModel.swift in Sources */ = {isa = PBXBuildFile; fileRef = 671CEBA72A4C15AA00FEF492 /* MovieDetailsViewModel.swift */; };
		671CEBAA2A4C15EA00FEF492 /* MoviesViewModel.swift in Sources */ = {isa = PBXBuildFile; fileRef = 671CEBA92A4C15E900FEF492 /* MoviesViewModel.swift */; };
		671CEBAC2A4C160000FEF492 /* Movie.swift in Sources */ = {isa = PBXBuildFile; fileRef = 671CEBAB2A4C160000FEF492 /* Movie.swift */; };
		671CEBAE2A4C160E00FEF492 /* Trailer.swift in Sources */ = {isa = PBXBuildFile; fileRef = 671CEBAD2A4C160E00FEF492 /* Trailer.swift */; };
		671CEBB02A4C162100FEF492 /* Credits.swift in Sources */ = {isa = PBXBuildFile; fileRef = 671CEBAF2A4C162100FEF492 /* Credits.swift */; };
		671CEBB32A4C166300FEF492 /* APIKey.swift in Sources */ = {isa = PBXBuildFile; fileRef = 671CEBB22A4C166300FEF492 /* APIKey.swift */; };
		A3DB09DA2A4342D10026D6C5 /* MoviesApp.swift in Sources */ = {isa = PBXBuildFile; fileRef = A3DB09D92A4342D10026D6C5 /* MoviesApp.swift */; };
		A3DB09DE2A4342D30026D6C5 /* Assets.xcassets in Resources */ = {isa = PBXBuildFile; fileRef = A3DB09DD2A4342D30026D6C5 /* Assets.xcassets */; };
		A3DB09E12A4342D30026D6C5 /* Preview Assets.xcassets in Resources */ = {isa = PBXBuildFile; fileRef = A3DB09E02A4342D30026D6C5 /* Preview Assets.xcassets */; };
/* End PBXBuildFile section */

/* Begin PBXFileReference section */
		671CEAF12A444EFE00FEF492 /* EditProfileView.swift */ = {isa = PBXFileReference; lastKnownFileType = sourcecode.swift; path = EditProfileView.swift; sourceTree = "<group>"; };
		671CEAF52A44845F00FEF492 /* TestEditProfile.swift */ = {isa = PBXFileReference; lastKnownFileType = sourcecode.swift; path = TestEditProfile.swift; sourceTree = "<group>"; };
		671CEB132A45DFA300FEF492 /* PhotoPicker.swift */ = {isa = PBXFileReference; lastKnownFileType = sourcecode.swift; path = PhotoPicker.swift; sourceTree = "<group>"; };
		671CEB9D2A4C13E800FEF492 /* ButtonTrailerView.swift */ = {isa = PBXFileReference; lastKnownFileType = sourcecode.swift; path = ButtonTrailerView.swift; sourceTree = "<group>"; };
		671CEB9F2A4C141000FEF492 /* TabBarView.swift */ = {isa = PBXFileReference; lastKnownFileType = sourcecode.swift; path = TabBarView.swift; sourceTree = "<group>"; };
		671CEBA12A4C145600FEF492 /* MovieDetailsView.swift */ = {isa = PBXFileReference; lastKnownFileType = sourcecode.swift; path = MovieDetailsView.swift; sourceTree = "<group>"; };
		671CEBA32A4C14CF00FEF492 /* TrailerView.swift */ = {isa = PBXFileReference; lastKnownFileType = sourcecode.swift; path = TrailerView.swift; sourceTree = "<group>"; };
		671CEBA52A4C156900FEF492 /* MoviesView.swift */ = {isa = PBXFileReference; lastKnownFileType = sourcecode.swift; path = MoviesView.swift; sourceTree = "<group>"; };
		671CEBA72A4C15AA00FEF492 /* MovieDetailsViewModel.swift */ = {isa = PBXFileReference; lastKnownFileType = sourcecode.swift; path = MovieDetailsViewModel.swift; sourceTree = "<group>"; };
		671CEBA92A4C15E900FEF492 /* MoviesViewModel.swift */ = {isa = PBXFileReference; lastKnownFileType = sourcecode.swift; path = MoviesViewModel.swift; sourceTree = "<group>"; };
		671CEBAB2A4C160000FEF492 /* Movie.swift */ = {isa = PBXFileReference; lastKnownFileType = sourcecode.swift; path = Movie.swift; sourceTree = "<group>"; };
		671CEBAD2A4C160E00FEF492 /* Trailer.swift */ = {isa = PBXFileReference; lastKnownFileType = sourcecode.swift; path = Trailer.swift; sourceTree = "<group>"; };
		671CEBAF2A4C162100FEF492 /* Credits.swift */ = {isa = PBXFileReference; lastKnownFileType = sourcecode.swift; path = Credits.swift; sourceTree = "<group>"; };
		671CEBB22A4C166300FEF492 /* APIKey.swift */ = {isa = PBXFileReference; lastKnownFileType = sourcecode.swift; path = APIKey.swift; sourceTree = "<group>"; };
		A3DB09D62A4342D10026D6C5 /* Movies.app */ = {isa = PBXFileReference; explicitFileType = wrapper.application; includeInIndex = 0; path = Movies.app; sourceTree = BUILT_PRODUCTS_DIR; };
		A3DB09D92A4342D10026D6C5 /* MoviesApp.swift */ = {isa = PBXFileReference; lastKnownFileType = sourcecode.swift; path = MoviesApp.swift; sourceTree = "<group>"; };
		A3DB09DD2A4342D30026D6C5 /* Assets.xcassets */ = {isa = PBXFileReference; lastKnownFileType = folder.assetcatalog; path = Assets.xcassets; sourceTree = "<group>"; };
		A3DB09E02A4342D30026D6C5 /* Preview Assets.xcassets */ = {isa = PBXFileReference; lastKnownFileType = folder.assetcatalog; path = "Preview Assets.xcassets"; sourceTree = "<group>"; };
/* End PBXFileReference section */

/* Begin PBXFrameworksBuildPhase section */
		A3DB09D32A4342D10026D6C5 /* Frameworks */ = {
			isa = PBXFrameworksBuildPhase;
			buildActionMask = 2147483647;
			files = (
			);
			runOnlyForDeploymentPostprocessing = 0;
		};
/* End PBXFrameworksBuildPhase section */

/* Begin PBXGroup section */
		671CEAEC2A44497C00FEF492 /* Views */ = {
			isa = PBXGroup;
			children = (
				671CEB9F2A4C141000FEF492 /* TabBarView.swift */,
				671CEAF12A444EFE00FEF492 /* EditProfileView.swift */,
				671CEBA12A4C145600FEF492 /* MovieDetailsView.swift */,
				671CEBA32A4C14CF00FEF492 /* TrailerView.swift */,
				671CEBA52A4C156900FEF492 /* MoviesView.swift */,
				671CEB9C2A4C134000FEF492 /* TestViews */,
			);
			path = Views;
			sourceTree = "<group>";
		};
		671CEAED2A44498D00FEF492 /* ViewModels */ = {
			isa = PBXGroup;
			children = (
				671CEBA72A4C15AA00FEF492 /* MovieDetailsViewModel.swift */,
				671CEBA92A4C15E900FEF492 /* MoviesViewModel.swift */,
			);
			path = ViewModels;
			sourceTree = "<group>";
		};
		671CEAEE2A4449A300FEF492 /* Models */ = {
			isa = PBXGroup;
			children = (
				671CEBAB2A4C160000FEF492 /* Movie.swift */,
				671CEBAD2A4C160E00FEF492 /* Trailer.swift */,
				671CEBAF2A4C162100FEF492 /* Credits.swift */,
			);
			path = Models;
			sourceTree = "<group>";
		};
		671CEAEF2A4449B400FEF492 /* Services */ = {
			isa = PBXGroup;
			children = (
			);
			path = Services;
			sourceTree = "<group>";
		};
		671CEAF02A444D8300FEF492 /* Components */ = {
			isa = PBXGroup;
			children = (
				671CEB9D2A4C13E800FEF492 /* ButtonTrailerView.swift */,
			);
			path = Components;
			sourceTree = "<group>";
		};
		671CEB9B2A4C12D900FEF492 /* UIViewController */ = {
			isa = PBXGroup;
			children = (
				671CEB132A45DFA300FEF492 /* PhotoPicker.swift */,
			);
			path = UIViewController;
			sourceTree = "<group>";
		};
		671CEB9C2A4C134000FEF492 /* TestViews */ = {
			isa = PBXGroup;
			children = (
				671CEAF52A44845F00FEF492 /* TestEditProfile.swift */,
			);
			path = TestViews;
			sourceTree = "<group>";
		};
		671CEBB12A4C164700FEF492 /* API */ = {
			isa = PBXGroup;
			children = (
				671CEBB22A4C166300FEF492 /* APIKey.swift */,
			);
			path = API;
			sourceTree = "<group>";
		};
		A3DB09CD2A4342D10026D6C5 = {
			isa = PBXGroup;
			children = (
				A3DB09D82A4342D10026D6C5 /* Movies */,
				A3DB09D72A4342D10026D6C5 /* Products */,
			);
			sourceTree = "<group>";
		};
		A3DB09D72A4342D10026D6C5 /* Products */ = {
			isa = PBXGroup;
			children = (
				A3DB09D62A4342D10026D6C5 /* Movies.app */,
			);
			name = Products;
			sourceTree = "<group>";
		};
		A3DB09D82A4342D10026D6C5 /* Movies */ = {
			isa = PBXGroup;
			children = (
				A3DB09D92A4342D10026D6C5 /* MoviesApp.swift */,
				671CEAF02A444D8300FEF492 /* Components */,
				671CEAEC2A44497C00FEF492 /* Views */,
				671CEAED2A44498D00FEF492 /* ViewModels */,
				671CEAEE2A4449A300FEF492 /* Models */,
				671CEAEF2A4449B400FEF492 /* Services */,
				671CEB9B2A4C12D900FEF492 /* UIViewController */,
				671CEBB12A4C164700FEF492 /* API */,
				A3DB09DD2A4342D30026D6C5 /* Assets.xcassets */,
				A3DB09DF2A4342D30026D6C5 /* Preview Content */,
			);
			path = Movies;
			sourceTree = "<group>";
		};
		A3DB09DF2A4342D30026D6C5 /* Preview Content */ = {
			isa = PBXGroup;
			children = (
				A3DB09E02A4342D30026D6C5 /* Preview Assets.xcassets */,
			);
			path = "Preview Content";
			sourceTree = "<group>";
		};
/* End PBXGroup section */

/* Begin PBXNativeTarget section */
		A3DB09D52A4342D10026D6C5 /* Movies */ = {
			isa = PBXNativeTarget;
			buildConfigurationList = A3DB09E42A4342D30026D6C5 /* Build configuration list for PBXNativeTarget "Movies" */;
			buildPhases = (
				A3DB09D22A4342D10026D6C5 /* Sources */,
				A3DB09D32A4342D10026D6C5 /* Frameworks */,
				A3DB09D42A4342D10026D6C5 /* Resources */,
			);
			buildRules = (
			);
			dependencies = (
			);
			name = Movies;
			productName = Movies;
			productReference = A3DB09D62A4342D10026D6C5 /* Movies.app */;
			productType = "com.apple.product-type.application";
		};
/* End PBXNativeTarget section */

/* Begin PBXProject section */
		A3DB09CE2A4342D10026D6C5 /* Project object */ = {
			isa = PBXProject;
			attributes = {
				BuildIndependentTargetsInParallel = 1;
				LastSwiftUpdateCheck = 1430;
				LastUpgradeCheck = 1430;
				TargetAttributes = {
					A3DB09D52A4342D10026D6C5 = {
						CreatedOnToolsVersion = 14.3.1;
					};
				};
			};
			buildConfigurationList = A3DB09D12A4342D10026D6C5 /* Build configuration list for PBXProject "Movies" */;
			compatibilityVersion = "Xcode 14.0";
			developmentRegion = en;
			hasScannedForEncodings = 0;
			knownRegions = (
				en,
				Base,
			);
			mainGroup = A3DB09CD2A4342D10026D6C5;
			productRefGroup = A3DB09D72A4342D10026D6C5 /* Products */;
			projectDirPath = "";
			projectRoot = "";
			targets = (
				A3DB09D52A4342D10026D6C5 /* Movies */,
			);
		};
/* End PBXProject section */

/* Begin PBXResourcesBuildPhase section */
		A3DB09D42A4342D10026D6C5 /* Resources */ = {
			isa = PBXResourcesBuildPhase;
			buildActionMask = 2147483647;
			files = (
				A3DB09E12A4342D30026D6C5 /* Preview Assets.xcassets in Resources */,
				A3DB09DE2A4342D30026D6C5 /* Assets.xcassets in Resources */,
			);
			runOnlyForDeploymentPostprocessing = 0;
		};
/* End PBXResourcesBuildPhase section */

/* Begin PBXSourcesBuildPhase section */
		A3DB09D22A4342D10026D6C5 /* Sources */ = {
			isa = PBXSourcesBuildPhase;
			buildActionMask = 2147483647;
			files = (
				A3DB09DA2A4342D10026D6C5 /* MoviesApp.swift in Sources */,
				671CEBA42A4C14CF00FEF492 /* TrailerView.swift in Sources */,
				671CEBA22A4C145600FEF492 /* MovieDetailsView.swift in Sources */,
				671CEBA02A4C141000FEF492 /* TabBarView.swift in Sources */,
				671CEBAE2A4C160E00FEF492 /* Trailer.swift in Sources */,
				671CEBA82A4C15AA00FEF492 /* MovieDetailsViewModel.swift in Sources */,
				671CEBA62A4C156900FEF492 /* MoviesView.swift in Sources */,
				671CEBAA2A4C15EA00FEF492 /* MoviesViewModel.swift in Sources */,
				671CEBAC2A4C160000FEF492 /* Movie.swift in Sources */,
				671CEBB32A4C166300FEF492 /* APIKey.swift in Sources */,
				671CEB9E2A4C13E800FEF492 /* ButtonTrailerView.swift in Sources */,
				671CEAF22A444EFE00FEF492 /* EditProfileView.swift in Sources */,
				671CEB142A45DFA300FEF492 /* PhotoPicker.swift in Sources */,
				671CEBB02A4C162100FEF492 /* Credits.swift in Sources */,
				671CEAF62A44845F00FEF492 /* TestEditProfile.swift in Sources */,
			);
			runOnlyForDeploymentPostprocessing = 0;
		};
/* End PBXSourcesBuildPhase section */

/* Begin XCBuildConfiguration section */
		A3DB09E22A4342D30026D6C5 /* Debug */ = {
			isa = XCBuildConfiguration;
			buildSettings = {
				ALWAYS_SEARCH_USER_PATHS = NO;
				CLANG_ANALYZER_NONNULL = YES;
				CLANG_ANALYZER_NUMBER_OBJECT_CONVERSION = YES_AGGRESSIVE;
				CLANG_CXX_LANGUAGE_STANDARD = "gnu++20";
				CLANG_ENABLE_MODULES = YES;
				CLANG_ENABLE_OBJC_ARC = YES;
				CLANG_ENABLE_OBJC_WEAK = YES;
				CLANG_WARN_BLOCK_CAPTURE_AUTORELEASING = YES;
				CLANG_WARN_BOOL_CONVERSION = YES;
				CLANG_WARN_COMMA = YES;
				CLANG_WARN_CONSTANT_CONVERSION = YES;
				CLANG_WARN_DEPRECATED_OBJC_IMPLEMENTATIONS = YES;
				CLANG_WARN_DIRECT_OBJC_ISA_USAGE = YES_ERROR;
				CLANG_WARN_DOCUMENTATION_COMMENTS = YES;
				CLANG_WARN_EMPTY_BODY = YES;
				CLANG_WARN_ENUM_CONVERSION = YES;
				CLANG_WARN_INFINITE_RECURSION = YES;
				CLANG_WARN_INT_CONVERSION = YES;
				CLANG_WARN_NON_LITERAL_NULL_CONVERSION = YES;
				CLANG_WARN_OBJC_IMPLICIT_RETAIN_SELF = YES;
				CLANG_WARN_OBJC_LITERAL_CONVERSION = YES;
				CLANG_WARN_OBJC_ROOT_CLASS = YES_ERROR;
				CLANG_WARN_QUOTED_INCLUDE_IN_FRAMEWORK_HEADER = YES;
				CLANG_WARN_RANGE_LOOP_ANALYSIS = YES;
				CLANG_WARN_STRICT_PROTOTYPES = YES;
				CLANG_WARN_SUSPICIOUS_MOVE = YES;
				CLANG_WARN_UNGUARDED_AVAILABILITY = YES_AGGRESSIVE;
				CLANG_WARN_UNREACHABLE_CODE = YES;
				CLANG_WARN__DUPLICATE_METHOD_MATCH = YES;
				COPY_PHASE_STRIP = NO;
				DEBUG_INFORMATION_FORMAT = dwarf;
				ENABLE_STRICT_OBJC_MSGSEND = YES;
				ENABLE_TESTABILITY = YES;
				GCC_C_LANGUAGE_STANDARD = gnu11;
				GCC_DYNAMIC_NO_PIC = NO;
				GCC_NO_COMMON_BLOCKS = YES;
				GCC_OPTIMIZATION_LEVEL = 0;
				GCC_PREPROCESSOR_DEFINITIONS = (
					"DEBUG=1",
					"$(inherited)",
				);
				GCC_WARN_64_TO_32_BIT_CONVERSION = YES;
				GCC_WARN_ABOUT_RETURN_TYPE = YES_ERROR;
				GCC_WARN_UNDECLARED_SELECTOR = YES;
				GCC_WARN_UNINITIALIZED_AUTOS = YES_AGGRESSIVE;
				GCC_WARN_UNUSED_FUNCTION = YES;
				GCC_WARN_UNUSED_VARIABLE = YES;
				IPHONEOS_DEPLOYMENT_TARGET = 16.4;
				MTL_ENABLE_DEBUG_INFO = INCLUDE_SOURCE;
				MTL_FAST_MATH = YES;
				ONLY_ACTIVE_ARCH = YES;
				SDKROOT = iphoneos;
				SWIFT_ACTIVE_COMPILATION_CONDITIONS = DEBUG;
				SWIFT_OPTIMIZATION_LEVEL = "-Onone";
			};
			name = Debug;
		};
		A3DB09E32A4342D30026D6C5 /* Release */ = {
			isa = XCBuildConfiguration;
			buildSettings = {
				ALWAYS_SEARCH_USER_PATHS = NO;
				CLANG_ANALYZER_NONNULL = YES;
				CLANG_ANALYZER_NUMBER_OBJECT_CONVERSION = YES_AGGRESSIVE;
				CLANG_CXX_LANGUAGE_STANDARD = "gnu++20";
				CLANG_ENABLE_MODULES = YES;
				CLANG_ENABLE_OBJC_ARC = YES;
				CLANG_ENABLE_OBJC_WEAK = YES;
				CLANG_WARN_BLOCK_CAPTURE_AUTORELEASING = YES;
				CLANG_WARN_BOOL_CONVERSION = YES;
				CLANG_WARN_COMMA = YES;
				CLANG_WARN_CONSTANT_CONVERSION = YES;
				CLANG_WARN_DEPRECATED_OBJC_IMPLEMENTATIONS = YES;
				CLANG_WARN_DIRECT_OBJC_ISA_USAGE = YES_ERROR;
				CLANG_WARN_DOCUMENTATION_COMMENTS = YES;
				CLANG_WARN_EMPTY_BODY = YES;
				CLANG_WARN_ENUM_CONVERSION = YES;
				CLANG_WARN_INFINITE_RECURSION = YES;
				CLANG_WARN_INT_CONVERSION = YES;
				CLANG_WARN_NON_LITERAL_NULL_CONVERSION = YES;
				CLANG_WARN_OBJC_IMPLICIT_RETAIN_SELF = YES;
				CLANG_WARN_OBJC_LITERAL_CONVERSION = YES;
				CLANG_WARN_OBJC_ROOT_CLASS = YES_ERROR;
				CLANG_WARN_QUOTED_INCLUDE_IN_FRAMEWORK_HEADER = YES;
				CLANG_WARN_RANGE_LOOP_ANALYSIS = YES;
				CLANG_WARN_STRICT_PROTOTYPES = YES;
				CLANG_WARN_SUSPICIOUS_MOVE = YES;
				CLANG_WARN_UNGUARDED_AVAILABILITY = YES_AGGRESSIVE;
				CLANG_WARN_UNREACHABLE_CODE = YES;
				CLANG_WARN__DUPLICATE_METHOD_MATCH = YES;
				COPY_PHASE_STRIP = NO;
				DEBUG_INFORMATION_FORMAT = "dwarf-with-dsym";
				ENABLE_NS_ASSERTIONS = NO;
				ENABLE_STRICT_OBJC_MSGSEND = YES;
				GCC_C_LANGUAGE_STANDARD = gnu11;
				GCC_NO_COMMON_BLOCKS = YES;
				GCC_WARN_64_TO_32_BIT_CONVERSION = YES;
				GCC_WARN_ABOUT_RETURN_TYPE = YES_ERROR;
				GCC_WARN_UNDECLARED_SELECTOR = YES;
				GCC_WARN_UNINITIALIZED_AUTOS = YES_AGGRESSIVE;
				GCC_WARN_UNUSED_FUNCTION = YES;
				GCC_WARN_UNUSED_VARIABLE = YES;
				IPHONEOS_DEPLOYMENT_TARGET = 16.4;
				MTL_ENABLE_DEBUG_INFO = NO;
				MTL_FAST_MATH = YES;
				SDKROOT = iphoneos;
				SWIFT_COMPILATION_MODE = wholemodule;
				SWIFT_OPTIMIZATION_LEVEL = "-O";
				VALIDATE_PRODUCT = YES;
			};
			name = Release;
		};
		A3DB09E52A4342D30026D6C5 /* Debug */ = {
			isa = XCBuildConfiguration;
			buildSettings = {
				ASSETCATALOG_COMPILER_APPICON_NAME = AppIcon;
				ASSETCATALOG_COMPILER_GLOBAL_ACCENT_COLOR_NAME = AccentColor;
				CODE_SIGN_STYLE = Automatic;
				CURRENT_PROJECT_VERSION = 1;
				DEVELOPMENT_ASSET_PATHS = "\"Movies/Preview Content\"";
				DEVELOPMENT_TEAM = Y3G35XYB7V;
				ENABLE_PREVIEWS = YES;
				GENERATE_INFOPLIST_FILE = YES;
				INFOPLIST_KEY_UIApplicationSceneManifest_Generation = YES;
				INFOPLIST_KEY_UIApplicationSupportsIndirectInputEvents = YES;
				INFOPLIST_KEY_UILaunchScreen_Generation = YES;
				INFOPLIST_KEY_UISupportedInterfaceOrientations_iPad = "UIInterfaceOrientationPortrait UIInterfaceOrientationPortraitUpsideDown UIInterfaceOrientationLandscapeLeft UIInterfaceOrientationLandscapeRight";
				INFOPLIST_KEY_UISupportedInterfaceOrientations_iPhone = "UIInterfaceOrientationPortrait UIInterfaceOrientationLandscapeLeft UIInterfaceOrientationLandscapeRight";
				LD_RUNPATH_SEARCH_PATHS = (
					"$(inherited)",
					"@executable_path/Frameworks",
				);
				MARKETING_VERSION = 1.0;
				PRODUCT_BUNDLE_IDENTIFIER = StreamFusion.Movies;
				PRODUCT_NAME = "$(TARGET_NAME)";
				SWIFT_EMIT_LOC_STRINGS = YES;
				SWIFT_VERSION = 5.0;
				TARGETED_DEVICE_FAMILY = "1,2";
			};
			name = Debug;
		};
		A3DB09E62A4342D30026D6C5 /* Release */ = {
			isa = XCBuildConfiguration;
			buildSettings = {
				ASSETCATALOG_COMPILER_APPICON_NAME = AppIcon;
				ASSETCATALOG_COMPILER_GLOBAL_ACCENT_COLOR_NAME = AccentColor;
				CODE_SIGN_STYLE = Automatic;
				CURRENT_PROJECT_VERSION = 1;
				DEVELOPMENT_ASSET_PATHS = "\"Movies/Preview Content\"";
				DEVELOPMENT_TEAM = Y3G35XYB7V;
				ENABLE_PREVIEWS = YES;
				GENERATE_INFOPLIST_FILE = YES;
				INFOPLIST_KEY_UIApplicationSceneManifest_Generation = YES;
				INFOPLIST_KEY_UIApplicationSupportsIndirectInputEvents = YES;
				INFOPLIST_KEY_UILaunchScreen_Generation = YES;
				INFOPLIST_KEY_UISupportedInterfaceOrientations_iPad = "UIInterfaceOrientationPortrait UIInterfaceOrientationPortraitUpsideDown UIInterfaceOrientationLandscapeLeft UIInterfaceOrientationLandscapeRight";
				INFOPLIST_KEY_UISupportedInterfaceOrientations_iPhone = "UIInterfaceOrientationPortrait UIInterfaceOrientationLandscapeLeft UIInterfaceOrientationLandscapeRight";
				LD_RUNPATH_SEARCH_PATHS = (
					"$(inherited)",
					"@executable_path/Frameworks",
				);
				MARKETING_VERSION = 1.0;
				PRODUCT_BUNDLE_IDENTIFIER = StreamFusion.Movies;
				PRODUCT_NAME = "$(TARGET_NAME)";
				SWIFT_EMIT_LOC_STRINGS = YES;
				SWIFT_VERSION = 5.0;
				TARGETED_DEVICE_FAMILY = "1,2";
			};
			name = Release;
		};
/* End XCBuildConfiguration section */

/* Begin XCConfigurationList section */
		A3DB09D12A4342D10026D6C5 /* Build configuration list for PBXProject "Movies" */ = {
			isa = XCConfigurationList;
			buildConfigurations = (
				A3DB09E22A4342D30026D6C5 /* Debug */,
				A3DB09E32A4342D30026D6C5 /* Release */,
			);
			defaultConfigurationIsVisible = 0;
			defaultConfigurationName = Release;
		};
		A3DB09E42A4342D30026D6C5 /* Build configuration list for PBXNativeTarget "Movies" */ = {
			isa = XCConfigurationList;
			buildConfigurations = (
				A3DB09E52A4342D30026D6C5 /* Debug */,
				A3DB09E62A4342D30026D6C5 /* Release */,
			);
			defaultConfigurationIsVisible = 0;
			defaultConfigurationName = Release;
		};
/* End XCConfigurationList section */
	};
	rootObject = A3DB09CE2A4342D10026D6C5 /* Project object */;
}
